# THIS IS AN AUTOGENERATED FILE. DO NOT EDIT THIS FILE DIRECTLY.
# yarn lockfile v1


create-next-app@^15.3.1:
  version "15.3.1"
  resolved "https://registry.yarnpkg.com/create-next-app/-/create-next-app-15.3.1.tgz#0a1bdb8adeb87a01c89fe1e70358ba86dfd9835d"
  integrity sha512-qgMrINY3iNzbG5UNM/fpaoup45lORhbxUUEmoq+XcM4Ppzr+LrfvoVveJVj+rwrXstdz6Q1pYFlkVDq5LIh+tA==
